
Microsoft Visual Studio Solution File, Format Version 12.00
# Visual Studio Version 16
VisualStudioVersion = 16.0.32228.343
MinimumVisualStudioVersion = 10.0.40219.1
Project("{FAE04EC0-301F-11D3-BF4B-00C04F79EFBC}") = "TechnicalDocumentation", "TechnicalDocumentation\TechnicalDocumentation.csproj", "{03B1D260-1E50-498C-AF00-6D23670CCB0C}"
EndProject
Global
	GlobalSection(SolutionConfigurationPlatforms) = preSolution
		Debug|Any CPU = Debug|Any CPU
		Release|Any CPU = Release|Any CPU
	EndGlobalSection
	GlobalSection(ProjectConfigurationPlatforms) = postSolution
		{03B1D260-1E50-498C-AF00-6D23670CCB0C}.Debug|Any CPU.ActiveCfg = Debug|Any CPU
		{03B1D260-1E50-498C-AF00-6D23670CCB0C}.Debug|Any CPU.Build.0 = Debug|Any CPU
		{03B1D260-1E50-498C-AF00-6D23670CCB0C}.Release|Any CPU.ActiveCfg = Release|Any CPU
		{03B1D260-1E50-498C-AF00-6D23670CCB0C}.Release|Any CPU.Build.0 = Release|Any CPU
	EndGlobalSection
	GlobalSection(SolutionProperties) = preSolution
		HideSolutionNode = FALSE
	EndGlobalSection
	GlobalSection(ExtensibilityGlobals) = postSolution
		SolutionGuid = {E15ACEC4-9D74-404A-BD05-BEDE08C8DB1C}
	EndGlobalSection
EndGlobal
